// !$*UTF8*$!
{
	archiveVersion = 1;
	classes = {
	};
	objectVersion = 77;
	objects = {

/* Begin PBXBuildFile section */
		655977682F747E2E002FED8F /* GoogleSignIn in Frameworks */ = {isa = PBXBuildFile; productRef = 655977672F747E2E002FED8F /* GoogleSignIn */; };
		6559776A2F747E2E002FED8F /* GoogleSignInSwift in Frameworks */ = {isa = PBXBuildFile; productRef = 655977692F747E2E002FED8F /* GoogleSignInSwift */; };
/* End PBXBuildFile section */

/* Begin PBXContainerItemProxy section */
		65AA1F622F60B49900E72A8F /* PBXContainerItemProxy */ = {
			isa = PBXContainerItemProxy;
			containerPortal = 65AA1F4C2F60B49600E72A8F /* Project object */;
			proxyType = 1;
			remoteGlobalIDString = 65AA1F532F60B49600E72A8F;
			remoteInfo = BookCorners;
		};
		65AA1F6C2F60B49900E72A8F /* PBXContainerItemProxy */ = {
			isa = PBXContainerItemProxy;
			containerPortal = 65AA1F4C2F60B49600E72A8F /* Project object */;
			proxyType = 1;
			remoteGlobalIDString = 65AA1F532F60B49600E72A8F;
			remoteInfo = BookCorners;
		};
/* End PBXContainerItemProxy section */

/* Begin PBXFileReference section */
		65AA1F542F60B49600E72A8F /* BookCorners.app */ = {isa = PBXFileReference; explicitFileType = wrapper.application; includeInIndex = 0; path = BookCorners.app; sourceTree = BUILT_PRODUCTS_DIR; };
		65AA1F612F60B49900E72A8F /* BookCornersTests.xctest */ = {isa = PBXFileReference; explicitFileType = wrapper.cfbundle; includeInIndex = 0; path = BookCornersTests.xctest; sourceTree = BUILT_PRODUCTS_DIR; };
		65AA1F6B2F60B49900E72A8F /* BookCornersUITests.xctest */ = {isa = PBXFileReference; explicitFileType = wrapper.cfbundle; includeInIndex = 0; path = BookCornersUITests.xctest; sourceTree = BUILT_PRODUCTS_DIR; };
/* End PBXFileReference section */

/* Begin PBXFileSystemSynchronizedBuildFileExceptionSet section */
		65D474E12F71403E000D1B9B /* Exceptions for "BookCorners" folder in "BookCorners" target */ = {
			isa = PBXFileSystemSynchronizedBuildFileExceptionSet;
			membershipExceptions = (
				Info.plist,
			);
			target = 65AA1F532F60B49600E72A8F /* BookCorners */;
		};
/* End PBXFileSystemSynchronizedBuildFileExceptionSet section */

/* Begin PBXFileSystemSynchronizedRootGroup section */
		65AA1F562F60B49600E72A8F /* BookCorners */ = {
			isa = PBXFileSystemSynchronizedRootGroup;
			exceptions = (
				65D474E12F71403E000D1B9B /* Exceptions for "BookCorners" folder in "BookCorners" target */,
			);
			path = BookCorners;
			sourceTree = "<group>";
		};
		65AA1F642F60B49900E72A8F /* BookCornersTests */ = {
			isa = PBXFileSystemSynchronizedRootGroup;
			path = BookCornersTests;
			sourceTree = "<group>";
		};
		65AA1F6E2F60B49900E72A8F /* BookCornersUITests */ = {
			isa = PBXFileSystemSynchronizedRootGroup;
			path = BookCornersUITests;
			sourceTree = "<group>";
		};
/* End PBXFileSystemSynchronizedRootGroup section */

/* Begin PBXFrameworksBuildPhase section */
		65AA1F512F60B49600E72A8F /* Frameworks */ = {
			isa = PBXFrameworksBuildPhase;
			buildActionMask = 2147483647;
			files = (
				655977682F747E2E002FED8F /* GoogleSignIn in Frameworks */,
				6559776A2F747E2E002FED8F /* GoogleSignInSwift in Frameworks */,
			);
			runOnlyForDeploymentPostprocessing = 0;
		};
		65AA1F5E2F60B49900E72A8F /* Frameworks */ = {
			isa = PBXFrameworksBuildPhase;
			buildActionMask = 2147483647;
			files = (
			);
			runOnlyForDeploymentPostprocessing = 0;
		};
		65AA1F682F60B49900E72A8F /* Frameworks */ = {
			isa = PBXFrameworksBuildPhase;
			buildActionMask = 2147483647;
			files = (
			);
			runOnlyForDeploymentPostprocessing = 0;
		};
/* End PBXFrameworksBuildPhase section */

/* Begin PBXGroup section */
		65AA1F4B2F60B49600E72A8F = {
			isa = PBXGroup;
			children = (
				65AA1F562F60B49600E72A8F /* BookCorners */,
				65AA1F642F60B49900E72A8F /* BookCornersTests */,
				65AA1F6E2F60B49900E72A8F /* BookCornersUITests */,
				65AA1F552F60B49600E72A8F /* Products */,
			);
			sourceTree = "<group>";
		};
		65AA1F552F60B49600E72A8F /* Products */ = {
			isa = PBXGroup;
			children = (
				65AA1F542F60B49600E72A8F /* BookCorners.app */,
				65AA1F612F60B49900E72A8F /* BookCornersTests.xctest */,
				65AA1F6B2F60B49900E72A8F /* BookCornersUITests.xctest */,
			);
			name = Products;
			sourceTree = "<group>";
		};
/* End PBXGroup section */

/* Begin PBXNativeTarget section */
		65AA1F532F60B49600E72A8F /* BookCorners */ = {
			isa = PBXNativeTarget;
			buildConfigurationList = 65AA1F752F60B49900E72A8F /* Build configuration list for PBXNativeTarget "BookCorners" */;
			buildPhases = (
				65AA1F502F60B49600E72A8F /* Sources */,
				65AA1F512F60B49600E72A8F /* Frameworks */,
				65AA1F522F60B49600E72A8F /* Resources */,
			);
			buildRules = (
			);
			dependencies = (
			);
			fileSystemSynchronizedGroups = (
				65AA1F562F60B49600E72A8F /* BookCorners */,
			);
			name = BookCorners;
			packageProductDependencies = (
				655977672F747E2E002FED8F /* GoogleSignIn */,
				655977692F747E2E002FED8F /* GoogleSignInSwift */,
			);
			productName = BookCorners;
			productReference = 65AA1F542F60B49600E72A8F /* BookCorners.app */;
			productType = "com.apple.product-type.application";
		};
		65AA1F602F60B49900E72A8F /* BookCornersTests */ = {
			isa = PBXNativeTarget;
			buildConfigurationList = 65AA1F782F60B49900E72A8F /* Build configuration list for PBXNativeTarget "BookCornersTests" */;
			buildPhases = (
				65AA1F5D2F60B49900E72A8F /* Sources */,
				65AA1F5E2F60B49900E72A8F /* Frameworks */,
				65AA1F5F2F60B49900E72A8F /* Resources */,
			);
			buildRules = (
			);
			dependencies = (
				65AA1F632F60B49900E72A8F /* PBXTargetDependency */,
			);
			fileSystemSynchronizedGroups = (
				65AA1F642F60B49900E72A8F /* BookCornersTests */,
			);
			name = BookCornersTests;
			packageProductDependencies = (
			);
			productName = BookCornersTests;
			productReference = 65AA1F612F60B49900E72A8F /* BookCornersTests.xctest */;
			productType = "com.apple.product-type.bundle.unit-test";
		};
		65AA1F6A2F60B49900E72A8F /* BookCornersUITests */ = {
			isa = PBXNativeTarget;
			buildConfigurationList = 65AA1F7B2F60B49900E72A8F /* Build configuration list for PBXNativeTarget "BookCornersUITests" */;
			buildPhases = (
				65AA1F672F60B49900E72A8F /* Sources */,
				65AA1F682F60B49900E72A8F /* Frameworks */,
				65AA1F692F60B49900E72A8F /* Resources */,
			);
			buildRules = (
			);
			dependencies = (
				65AA1F6D2F60B49900E72A8F /* PBXTargetDependency */,
			);
			fileSystemSynchronizedGroups = (
				65AA1F6E2F60B49900E72A8F /* BookCornersUITests */,
			);
			name = BookCornersUITests;
			packageProductDependencies = (
			);
			productName = BookCornersUITests;
			productReference = 65AA1F6B2F60B49900E72A8F /* BookCornersUITests.xctest */;
			productType = "com.apple.product-type.bundle.ui-testing";
		};
/* End PBXNativeTarget section */

/* Begin PBXProject section */
		65AA1F4C2F60B49600E72A8F /* Project object */ = {
			isa = PBXProject;
			attributes = {
				BuildIndependentTargetsInParallel = 1;
				LastSwiftUpdateCheck = 2630;
				LastUpgradeCheck = 2630;
				TargetAttributes = {
					65AA1F532F60B49600E72A8F = {
						CreatedOnToolsVersion = 26.3;
					};
					65AA1F602F60B49900E72A8F = {
						CreatedOnToolsVersion = 26.3;
						TestTargetID = 65AA1F532F60B49600E72A8F;
					};
					65AA1F6A2F60B49900E72A8F = {
						CreatedOnToolsVersion = 26.3;
						TestTargetID = 65AA1F532F60B49600E72A8F;
					};
				};
			};
			buildConfigurationList = 65AA1F4F2F60B49600E72A8F /* Build configuration list for PBXProject "BookCorners" */;
			developmentRegion = en;
			hasScannedForEncodings = 0;
			knownRegions = (
				en,
				Base,
			);
			mainGroup = 65AA1F4B2F60B49600E72A8F;
			minimizedProjectReferenceProxies = 1;
			packageReferences = (
				655977662F747E2E002FED8F /* XCRemoteSwiftPackageReference "GoogleSignIn-iOS" */,
			);
			preferredProjectObjectVersion = 77;
			productRefGroup = 65AA1F552F60B49600E72A8F /* Products */;
			projectDirPath = "";
			projectRoot = "";
			targets = (
				65AA1F532F60B49600E72A8F /* BookCorners */,
				65AA1F602F60B49900E72A8F /* BookCornersTests */,
				65AA1F6A2F60B49900E72A8F /* BookCornersUITests */,
			);
		};
/* End PBXProject section */

/* Begin PBXResourcesBuildPhase section */
		65AA1F522F60B49600E72A8F /* Resources */ = {
			isa = PBXResourcesBuildPhase;
			buildActionMask = 2147483647;
			files = (
			);
			runOnlyForDeploymentPostprocessing = 0;
		};
		65AA1F5F2F60B49900E72A8F /* Resources */ = {
			isa = PBXResourcesBuildPhase;
			buildActionMask = 2147483647;
			files = (
			);
			runOnlyForDeploymentPostprocessing = 0;
		};
		65AA1F692F60B49900E72A8F /* Resources */ = {
			isa = PBXResourcesBuildPhase;
			buildActionMask = 2147483647;
			files = (
			);
			runOnlyForDeploymentPostprocessing = 0;
		};
/* End PBXResourcesBuildPhase section */

/* Begin PBXSourcesBuildPhase section */
		65AA1F502F60B49600E72A8F /* Sources */ = {
			isa = PBXSourcesBuildPhase;
			buildActionMask = 2147483647;
			files = (
			);
			runOnlyForDeploymentPostprocessing = 0;
		};
		65AA1F5D2F60B49900E72A8F /* Sources */ = {
			isa = PBXSourcesBuildPhase;
			buildActionMask = 2147483647;
			files = (
			);
			runOnlyForDeploymentPostprocessing = 0;
		};
		65AA1F672F60B49900E72A8F /* Sources */ = {
			isa = PBXSourcesBuildPhase;
			buildActionMask = 2147483647;
			files = (
			);
			runOnlyForDeploymentPostprocessing = 0;
		};
/* End PBXSourcesBuildPhase section */

/* Begin PBXTargetDependency section */
		65AA1F632F60B49900E72A8F /* PBXTargetDependency */ = {
			isa = PBXTargetDependency;
			target = 65AA1F532F60B49600E72A8F /* BookCorners */;
			targetProxy = 65AA1F622F60B49900E72A8F /* PBXContainerItemProxy */;
		};
		65AA1F6D2F60B49900E72A8F /* PBXTargetDependency */ = {
			isa = PBXTargetDependency;
			target = 65AA1F532F60B49600E72A8F /* BookCorners */;
			targetProxy = 65AA1F6C2F60B49900E72A8F /* PBXContainerItemProxy */;
		};
/* End PBXTargetDependency section */

/* Begin XCBuildConfiguration section */
		65AA1F732F60B49900E72A8F /* Debug */ = {
			isa = XCBuildConfiguration;
			buildSettings = {
				ALWAYS_SEARCH_USER_PATHS = NO;
				ASSETCATALOG_COMPILER_GENERATE_SWIFT_ASSET_SYMBOL_EXTENSIONS = YES;
				CLANG_ANALYZER_NONNULL = YES;
				CLANG_ANALYZER_NUMBER_OBJECT_CONVERSION = YES_AGGRESSIVE;
				CLANG_CXX_LANGUAGE_STANDARD = "gnu++20";
				CLANG_ENABLE_MODULES = YES;
				CLANG_ENABLE_OBJC_ARC = YES;
				CLANG_ENABLE_OBJC_WEAK = YES;
				CLANG_WARN_BLOCK_CAPTURE_AUTORELEASING = YES;
				CLANG_WARN_BOOL_CONVERSION = YES;
				CLANG_WARN_COMMA = YES;
				CLANG_WARN_CONSTANT_CONVERSION = YES;
				CLANG_WARN_DEPRECATED_OBJC_IMPLEMENTATIONS = YES;
				CLANG_WARN_DIRECT_OBJC_ISA_USAGE = YES_ERROR;
				CLANG_WARN_DOCUMENTATION_COMMENTS = YES;
				CLANG_WARN_EMPTY_BODY = YES;
				CLANG_WARN_ENUM_CONVERSION = YES;
				CLANG_WARN_INFINITE_RECURSION = YES;
				CLANG_WARN_INT_CONVERSION = YES;
				CLANG_WARN_NON_LITERAL_NULL_CONVERSION = YES;
				CLANG_WARN_OBJC_IMPLICIT_RETAIN_SELF = YES;
				CLANG_WARN_OBJC_LITERAL_CONVERSION = YES;
				CLANG_WARN_OBJC_ROOT_CLASS = YES_ERROR;
				CLANG_WARN_QUOTED_INCLUDE_IN_FRAMEWORK_HEADER = YES;
				CLANG_WARN_RANGE_LOOP_ANALYSIS = YES;
				CLANG_WARN_STRICT_PROTOTYPES = YES;
				CLANG_WARN_SUSPICIOUS_MOVE = YES;
				CLANG_WARN_UNGUARDED_AVAILABILITY = YES_AGGRESSIVE;
				CLANG_WARN_UNREACHABLE_CODE = YES;
				CLANG_WARN__DUPLICATE_METHOD_MATCH = YES;
				COPY_PHASE_STRIP = NO;
				DEBUG_INFORMATION_FORMAT = dwarf;
				ENABLE_STRICT_OBJC_MSGSEND = YES;
				ENABLE_TESTABILITY = YES;
				ENABLE_USER_SCRIPT_SANDBOXING = YES;
				GCC_C_LANGUAGE_STANDARD = gnu17;
				GCC_DYNAMIC_NO_PIC = NO;
				GCC_NO_COMMON_BLOCKS = YES;
				GCC_OPTIMIZATION_LEVEL = 0;
				GCC_PREPROCESSOR_DEFINITIONS = (
					"DEBUG=1",
					"$(inherited)",
				);
				GCC_WARN_64_TO_32_BIT_CONVERSION = YES;
				GCC_WARN_ABOUT_RETURN_TYPE = YES_ERROR;
				GCC_WARN_UNDECLARED_SELECTOR = YES;
				GCC_WARN_UNINITIALIZED_AUTOS = YES_AGGRESSIVE;
				GCC_WARN_UNUSED_FUNCTION = YES;
				GCC_WARN_UNUSED_VARIABLE = YES;
				IPHONEOS_DEPLOYMENT_TARGET = 26.2;
				LOCALIZATION_PREFERS_STRING_CATALOGS = YES;
				MTL_ENABLE_DEBUG_INFO = INCLUDE_SOURCE;
				MTL_FAST_MATH = YES;
				ONLY_ACTIVE_ARCH = YES;
				SDKROOT = iphoneos;
				SWIFT_ACTIVE_COMPILATION_CONDITIONS = "DEBUG $(inherited)";
				SWIFT_OPTIMIZATION_LEVEL = "-Onone";
			};
			name = Debug;
		};
		65AA1F742F60B49900E72A8F /* Release */ = {
			isa = XCBuildConfiguration;
			buildSettings = {
				ALWAYS_SEARCH_USER_PATHS = NO;
				ASSETCATALOG_COMPILER_GENERATE_SWIFT_ASSET_SYMBOL_EXTENSIONS = YES;
				CLANG_ANALYZER_NONNULL = YES;
				CLANG_ANALYZER_NUMBER_OBJECT_CONVERSION = YES_AGGRESSIVE;
				CLANG_CXX_LANGUAGE_STANDARD = "gnu++20";
				CLANG_ENABLE_MODULES = YES;
				CLANG_ENABLE_OBJC_ARC = YES;
				CLANG_ENABLE_OBJC_WEAK = YES;
				CLANG_WARN_BLOCK_CAPTURE_AUTORELEASING = YES;
				CLANG_WARN_BOOL_CONVERSION = YES;
				CLANG_WARN_COMMA = YES;
				CLANG_WARN_CONSTANT_CONVERSION = YES;
				CLANG_WARN_DEPRECATED_OBJC_IMPLEMENTATIONS = YES;
				CLANG_WARN_DIRECT_OBJC_ISA_USAGE = YES_ERROR;
				CLANG_WARN_DOCUMENTATION_COMMENTS = YES;
				CLANG_WARN_EMPTY_BODY = YES;
				CLANG_WARN_ENUM_CONVERSION = YES;
				CLANG_WARN_INFINITE_RECURSION = YES;
				CLANG_WARN_INT_CONVERSION = YES;
				CLANG_WARN_NON_LITERAL_NULL_CONVERSION = YES;
				CLANG_WARN_OBJC_IMPLICIT_RETAIN_SELF = YES;
				CLANG_WARN_OBJC_LITERAL_CONVERSION = YES;
				CLANG_WARN_OBJC_ROOT_CLASS = YES_ERROR;
				CLANG_WARN_QUOTED_INCLUDE_IN_FRAMEWORK_HEADER = YES;
				CLANG_WARN_RANGE_LOOP_ANALYSIS = YES;
				CLANG_WARN_STRICT_PROTOTYPES = YES;
				CLANG_WARN_SUSPICIOUS_MOVE = YES;
				CLANG_WARN_UNGUARDED_AVAILABILITY = YES_AGGRESSIVE;
				CLANG_WARN_UNREACHABLE_CODE = YES;
				CLANG_WARN__DUPLICATE_METHOD_MATCH = YES;
				COPY_PHASE_STRIP = NO;
				DEBUG_INFORMATION_FORMAT = "dwarf-with-dsym";
				ENABLE_NS_ASSERTIONS = NO;
				ENABLE_STRICT_OBJC_MSGSEND = YES;
				ENABLE_USER_SCRIPT_SANDBOXING = YES;
				GCC_C_LANGUAGE_STANDARD = gnu17;
				GCC_NO_COMMON_BLOCKS = YES;
				GCC_WARN_64_TO_32_BIT_CONVERSION = YES;
				GCC_WARN_ABOUT_RETURN_TYPE = YES_ERROR;
				GCC_WARN_UNDECLARED_SELECTOR = YES;
				GCC_WARN_UNINITIALIZED_AUTOS = YES_AGGRESSIVE;
				GCC_WARN_UNUSED_FUNCTION = YES;
				GCC_WARN_UNUSED_VARIABLE = YES;
				IPHONEOS_DEPLOYMENT_TARGET = 26.2;
				LOCALIZATION_PREFERS_STRING_CATALOGS = YES;
				MTL_ENABLE_DEBUG_INFO = NO;
				MTL_FAST_MATH = YES;
				SDKROOT = iphoneos;
				SWIFT_COMPILATION_MODE = wholemodule;
				VALIDATE_PRODUCT = YES;
			};
			name = Release;
		};
		65AA1F762F60B49900E72A8F /* Debug */ = {
			isa = XCBuildConfiguration;
			buildSettings = {
				ASSETCATALOG_COMPILER_APPICON_NAME = AppIcon;
				ASSETCATALOG_COMPILER_GLOBAL_ACCENT_COLOR_NAME = AccentColor;
				CODE_SIGN_ENTITLEMENTS = BookCorners/BookCorners.entitlements;
				CODE_SIGN_STYLE = Automatic;
				CURRENT_PROJECT_VERSION = 6;
				DEVELOPMENT_TEAM = 3UFB423D7P;
				ENABLE_PREVIEWS = YES;
				GENERATE_INFOPLIST_FILE = YES;
				INFOPLIST_FILE = BookCorners/Info.plist;
				INFOPLIST_KEY_LSApplicationCategoryType = "public.app-category.reference";
				INFOPLIST_KEY_NSCameraUsageDescription = "Book Corners uses the camera to take photos of libraries";
				INFOPLIST_KEY_NSLocationWhenInUseUsageDescription = "Book Corners uses your location to show nearby libraries";
				INFOPLIST_KEY_NSPhotoLibraryUsageDescription = "Book Corners needs access to your photos to submit library pictures";
				INFOPLIST_KEY_UIApplicationSceneManifest_Generation = YES;
				INFOPLIST_KEY_UIApplicationSupportsIndirectInputEvents = YES;
				INFOPLIST_KEY_UILaunchScreen_Generation = YES;
				INFOPLIST_KEY_UISupportedInterfaceOrientations_iPad = "UIInterfaceOrientationPortrait UIInterfaceOrientationPortraitUpsideDown UIInterfaceOrientationLandscapeLeft UIInterfaceOrientationLandscapeRight";
				INFOPLIST_KEY_UISupportedInterfaceOrientations_iPhone = "UIInterfaceOrientationPortrait UIInterfaceOrientationLandscapeLeft UIInterfaceOrientationLandscapeRight";
				IPHONEOS_DEPLOYMENT_TARGET = 26.0;
				LD_RUNPATH_SEARCH_PATHS = (
					"$(inherited)",
					"@executable_path/Frameworks",
				);
				MARKETING_VERSION = 1.0;
				PRODUCT_BUNDLE_IDENTIFIER = it.andreagrandi.BookCorners;
				PRODUCT_NAME = "$(TARGET_NAME)";
				STRING_CATALOG_GENERATE_SYMBOLS = YES;
				SWIFT_APPROACHABLE_CONCURRENCY = YES;
				SWIFT_DEFAULT_ACTOR_ISOLATION = MainActor;
				SWIFT_EMIT_LOC_STRINGS = YES;
				SWIFT_UPCOMING_FEATURE_MEMBER_IMPORT_VISIBILITY = YES;
				SWIFT_VERSION = 5.0;
				TARGETED_DEVICE_FAMILY = "1,2";
			};
			name = Debug;
		};
		65AA1F772F60B49900E72A8F /* Release */ = {
			isa = XCBuildConfiguration;
			buildSettings = {
				ASSETCATALOG_COMPILER_APPICON_NAME = AppIcon;
				ASSETCATALOG_COMPILER_GLOBAL_ACCENT_COLOR_NAME = AccentColor;
				CODE_SIGN_ENTITLEMENTS = BookCorners/BookCorners.entitlements;
				CODE_SIGN_STYLE = Automatic;
				CURRENT_PROJECT_VERSION = 6;
				DEVELOPMENT_TEAM = 3UFB423D7P;
				ENABLE_PREVIEWS = YES;
				GENERATE_INFOPLIST_FILE = YES;
				INFOPLIST_FILE = BookCorners/Info.plist;
				INFOPLIST_KEY_LSApplicationCategoryType = "public.app-category.reference";
				INFOPLIST_KEY_NSCameraUsageDescription = "Book Corners uses the camera to take photos of libraries";
				INFOPLIST_KEY_NSLocationWhenInUseUsageDescription = "Book Corners uses your location to show nearby libraries";
				INFOPLIST_KEY_NSPhotoLibraryUsageDescription = "Book Corners needs access to your photos to submit library pictures";
				INFOPLIST_KEY_UIApplicationSceneManifest_Generation = YES;
				INFOPLIST_KEY_UIApplicationSupportsIndirectInputEvents = YES;
				INFOPLIST_KEY_UILaunchScreen_Generation = YES;
				INFOPLIST_KEY_UISupportedInterfaceOrientations_iPad = "UIInterfaceOrientationPortrait UIInterfaceOrientationPortraitUpsideDown UIInterfaceOrientationLandscapeLeft UIInterfaceOrientationLandscapeRight";
				INFOPLIST_KEY_UISupportedInterfaceOrientations_iPhone = "UIInterfaceOrientationPortrait UIInterfaceOrientationLandscapeLeft UIInterfaceOrientationLandscapeRight";
				IPHONEOS_DEPLOYMENT_TARGET = 26.0;
				LD_RUNPATH_SEARCH_PATHS = (
					"$(inherited)",
					"@executable_path/Frameworks",
				);
				MARKETING_VERSION = 1.0;
				PRODUCT_BUNDLE_IDENTIFIER = it.andreagrandi.BookCorners;
				PRODUCT_NAME = "$(TARGET_NAME)";
				STRING_CATALOG_GENERATE_SYMBOLS = YES;
				SWIFT_APPROACHABLE_CONCURRENCY = YES;
				SWIFT_DEFAULT_ACTOR_ISOLATION = MainActor;
				SWIFT_EMIT_LOC_STRINGS = YES;
				SWIFT_UPCOMING_FEATURE_MEMBER_IMPORT_VISIBILITY = YES;
				SWIFT_VERSION = 5.0;
				TARGETED_DEVICE_FAMILY = "1,2";
			};
			name = Release;
		};
		65AA1F792F60B49900E72A8F /* Debug */ = {
			isa = XCBuildConfiguration;
			buildSettings = {
				BUNDLE_LOADER = "$(TEST_HOST)";
				CODE_SIGN_STYLE = Automatic;
				CURRENT_PROJECT_VERSION = 1;
				GENERATE_INFOPLIST_FILE = YES;
				IPHONEOS_DEPLOYMENT_TARGET = 26.2;
				MARKETING_VERSION = 1.0;
				PRODUCT_BUNDLE_IDENTIFIER = it.andreagrandi.BookCornersTests;
				PRODUCT_NAME = "$(TARGET_NAME)";
				STRING_CATALOG_GENERATE_SYMBOLS = NO;
				SWIFT_APPROACHABLE_CONCURRENCY = YES;
				SWIFT_EMIT_LOC_STRINGS = NO;
				SWIFT_UPCOMING_FEATURE_MEMBER_IMPORT_VISIBILITY = YES;
				SWIFT_VERSION = 5.0;
				TARGETED_DEVICE_FAMILY = "1,2";
				TEST_HOST = "$(BUILT_PRODUCTS_DIR)/BookCorners.app/$(BUNDLE_EXECUTABLE_FOLDER_PATH)/BookCorners";
			};
			name = Debug;
		};
		65AA1F7A2F60B49900E72A8F /* Release */ = {
			isa = XCBuildConfiguration;
			buildSettings = {
				BUNDLE_LOADER = "$(TEST_HOST)";
				CODE_SIGN_STYLE = Automatic;
				CURRENT_PROJECT_VERSION = 1;
				GENERATE_INFOPLIST_FILE = YES;
				IPHONEOS_DEPLOYMENT_TARGET = 26.2;
				MARKETING_VERSION = 1.0;
				PRODUCT_BUNDLE_IDENTIFIER = it.andreagrandi.BookCornersTests;
				PRODUCT_NAME = "$(TARGET_NAME)";
				STRING_CATALOG_GENERATE_SYMBOLS = NO;
				SWIFT_APPROACHABLE_CONCURRENCY = YES;
				SWIFT_EMIT_LOC_STRINGS = NO;
				SWIFT_UPCOMING_FEATURE_MEMBER_IMPORT_VISIBILITY = YES;
				SWIFT_VERSION = 5.0;
				TARGETED_DEVICE_FAMILY = "1,2";
				TEST_HOST = "$(BUILT_PRODUCTS_DIR)/BookCorners.app/$(BUNDLE_EXECUTABLE_FOLDER_PATH)/BookCorners";
			};
			name = Release;
		};
		65AA1F7C2F60B49900E72A8F /* Debug */ = {
			isa = XCBuildConfiguration;
			buildSettings = {
				CODE_SIGN_STYLE = Automatic;
				CURRENT_PROJECT_VERSION = 1;
				GENERATE_INFOPLIST_FILE = YES;
				MARKETING_VERSION = 1.0;
				PRODUCT_BUNDLE_IDENTIFIER = it.andreagrandi.BookCornersUITests;
				PRODUCT_NAME = "$(TARGET_NAME)";
				STRING_CATALOG_GENERATE_SYMBOLS = NO;
				SWIFT_APPROACHABLE_CONCURRENCY = YES;
				SWIFT_EMIT_LOC_STRINGS = NO;
				SWIFT_UPCOMING_FEATURE_MEMBER_IMPORT_VISIBILITY = YES;
				SWIFT_VERSION = 5.0;
				TARGETED_DEVICE_FAMILY = "1,2";
				TEST_TARGET_NAME = BookCorners;
			};
			name = Debug;
		};
		65AA1F7D2F60B49900E72A8F /* Release */ = {
			isa = XCBuildConfiguration;
			buildSettings = {
				CODE_SIGN_STYLE = Automatic;
				CURRENT_PROJECT_VERSION = 1;
				GENERATE_INFOPLIST_FILE = YES;
				MARKETING_VERSION = 1.0;
				PRODUCT_BUNDLE_IDENTIFIER = it.andreagrandi.BookCornersUITests;
				PRODUCT_NAME = "$(TARGET_NAME)";
				STRING_CATALOG_GENERATE_SYMBOLS = NO;
				SWIFT_APPROACHABLE_CONCURRENCY = YES;
				SWIFT_EMIT_LOC_STRINGS = NO;
				SWIFT_UPCOMING_FEATURE_MEMBER_IMPORT_VISIBILITY = YES;
				SWIFT_VERSION = 5.0;
				TARGETED_DEVICE_FAMILY = "1,2";
				TEST_TARGET_NAME = BookCorners;
			};
			name = Release;
		};
/* End XCBuildConfiguration section */

/* Begin XCConfigurationList section */
		65AA1F4F2F60B49600E72A8F /* Build configuration list for PBXProject "BookCorners" */ = {
			isa = XCConfigurationList;
			buildConfigurations = (
				65AA1F732F60B49900E72A8F /* Debug */,
				65AA1F742F60B49900E72A8F /* Release */,
			);
			defaultConfigurationIsVisible = 0;
			defaultConfigurationName = Release;
		};
		65AA1F752F60B49900E72A8F /* Build configuration list for PBXNativeTarget "BookCorners" */ = {
			isa = XCConfigurationList;
			buildConfigurations = (
				65AA1F762F60B49900E72A8F /* Debug */,
				65AA1F772F60B49900E72A8F /* Release */,
			);
			defaultConfigurationIsVisible = 0;
			defaultConfigurationName = Release;
		};
		65AA1F782F60B49900E72A8F /* Build configuration list for PBXNativeTarget "BookCornersTests" */ = {
			isa = XCConfigurationList;
			buildConfigurations = (
				65AA1F792F60B49900E72A8F /* Debug */,
				65AA1F7A2F60B49900E72A8F /* Release */,
			);
			defaultConfigurationIsVisible = 0;
			defaultConfigurationName = Release;
		};
		65AA1F7B2F60B49900E72A8F /* Build configuration list for PBXNativeTarget "BookCornersUITests" */ = {
			isa = XCConfigurationList;
			buildConfigurations = (
				65AA1F7C2F60B49900E72A8F /* Debug */,
				65AA1F7D2F60B49900E72A8F /* Release */,
			);
			defaultConfigurationIsVisible = 0;
			defaultConfigurationName = Release;
		};
/* End XCConfigurationList section */

/* Begin XCRemoteSwiftPackageReference section */
		655977662F747E2E002FED8F /* XCRemoteSwiftPackageReference "GoogleSignIn-iOS" */ = {
			isa = XCRemoteSwiftPackageReference;
			repositoryURL = "https://github.com/google/GoogleSignIn-iOS";
			requirement = {
				kind = upToNextMajorVersion;
				minimumVersion = 9.1.0;
			};
		};
/* End XCRemoteSwiftPackageReference section */

/* Begin XCSwiftPackageProductDependency section */
		655977672F747E2E002FED8F /* GoogleSignIn */ = {
			isa = XCSwiftPackageProductDependency;
			package = 655977662F747E2E002FED8F /* XCRemoteSwiftPackageReference "GoogleSignIn-iOS" */;
			productName = GoogleSignIn;
		};
		655977692F747E2E002FED8F /* GoogleSignInSwift */ = {
			isa = XCSwiftPackageProductDependency;
			package = 655977662F747E2E002FED8F /* XCRemoteSwiftPackageReference "GoogleSignIn-iOS" */;
			productName = GoogleSignInSwift;
		};
/* End XCSwiftPackageProductDependency section */
	};
	rootObject = 65AA1F4C2F60B49600E72A8F /* Project object */;
}
